
Microsoft Visual Studio Solution File, Format Version 12.00
# Visual Studio 15
VisualStudioVersion = 15.0.27130.2010
MinimumVisualStudioVersion = 10.0.40219.1
Project("{FAE04EC0-301F-11D3-BF4B-00C04F79EFBC}") = "ImageResizer", "ImageResizer\ImageResizer.csproj", "{A10DCA16-367B-449A-8C10-8D910317448D}"
EndProject
Global
	GlobalSection(SolutionConfigurationPlatforms) = preSolution
		Debug|Any CPU = Debug|Any CPU
		Release|Any CPU = Release|Any CPU
	EndGlobalSection
	GlobalSection(ProjectConfigurationPlatforms) = postSolution
		{A10DCA16-367B-449A-8C10-8D910317448D}.Debug|Any CPU.ActiveCfg = Debug|Any CPU
		{A10DCA16-367B-449A-8C10-8D910317448D}.Debug|Any CPU.Build.0 = Debug|Any CPU
		{A10DCA16-367B-449A-8C10-8D910317448D}.Release|Any CPU.ActiveCfg = Release|Any CPU
		{A10DCA16-367B-449A-8C10-8D910317448D}.Release|Any CPU.Build.0 = Release|Any CPU
	EndGlobalSection
	GlobalSection(SolutionProperties) = preSolution
		HideSolutionNode = FALSE
	EndGlobalSection
	GlobalSection(ExtensibilityGlobals) = postSolution
		SolutionGuid = {851F3F96-AB57-4308-927E-9E5AA4D43BCB}
	EndGlobalSection
EndGlobal
